{
  "originHash" : "9b6718de45ad8f7d2e8e0b2e2acbacb7b37160e058506358a546992b56d01166",
  "pins" : [
    {
      "identity" : "tdlibframework",
      "kind" : "remoteSourceControl",
      "location" : "https://github.com/Swiftgram/TDLibFramework",
      "state" : {
        "revision" : "8d4f84b5018197f5e100d7f09f1d15d2b6a6428d",
        "version" : "1.8.53-bdec6af5"
      }
    },
    {
      "identity" : "tdlibkit",
      "kind" : "remoteSourceControl",
      "location" : "https://github.com/Swiftgram/TDLibKit",
      "state" : {
        "branch" : "main",
        "revision" : "54a2102e73973a583bf2048d293a6519429790f2"
      }
    }
  ],
  "version" : 3
}
